// !$*UTF8*$!
{
	archiveVersion = 1;
	classes = {
	};
	objectVersion = 51;
	objects = {

/* Begin PBXBuildFile section */
		51026DD024A3B6D10029F7F7 /* AppDelegate.m in Sources */ = {isa = PBXBuildFile; fileRef = 51026DCF24A3B6D10029F7F7 /* AppDelegate.m */; };
		51026DD324A3B6D10029F7F7 /* SceneDelegate.m in Sources */ = {isa = PBXBuildFile; fileRef = 51026DD224A3B6D10029F7F7 /* SceneDelegate.m */; };
		51026DD924A3B6D10029F7F7 /* Main.storyboard in Resources */ = {isa = PBXBuildFile; fileRef = 51026DD724A3B6D10029F7F7 /* Main.storyboard */; };
		51026DDB24A3B6D20029F7F7 /* Assets.xcassets in Resources */ = {isa = PBXBuildFile; fileRef = 51026DDA24A3B6D20029F7F7 /* Assets.xcassets */; };
		51026DDE24A3B6D20029F7F7 /* LaunchScreen.storyboard in Resources */ = {isa = PBXBuildFile; fileRef = 51026DDC24A3B6D20029F7F7 /* LaunchScreen.storyboard */; };
		51026DE124A3B6D20029F7F7 /* main.m in Sources */ = {isa = PBXBuildFile; fileRef = 51026DE024A3B6D20029F7F7 /* main.m */; };
		51026DEB24A3B6D20029F7F7 /* FlixTests.m in Sources */ = {isa = PBXBuildFile; fileRef = 51026DEA24A3B6D20029F7F7 /* FlixTests.m */; };
		51026DF624A3B6D20029F7F7 /* FlixUITests.m in Sources */ = {isa = PBXBuildFile; fileRef = 51026DF524A3B6D20029F7F7 /* FlixUITests.m */; };
		51026E0524A3C91A0029F7F7 /* MoviesViewController.m in Sources */ = {isa = PBXBuildFile; fileRef = 51026E0424A3C91A0029F7F7 /* MoviesViewController.m */; };
		51D5884224A3F942003474DD /* MovieCell.m in Sources */ = {isa = PBXBuildFile; fileRef = 51D5884124A3F942003474DD /* MovieCell.m */; };
		51DBFE2724A40A59007863BE /* DetailsViewController.m in Sources */ = {isa = PBXBuildFile; fileRef = 51DBFE2624A40A59007863BE /* DetailsViewController.m */; };
		79F306F98ED6A0098C009BDF /* Pods_Flix_FlixUITests.framework in Frameworks */ = {isa = PBXBuildFile; fileRef = 51D2EB1C883E0680AEE7D4C5 /* Pods_Flix_FlixUITests.framework */; };
		8A7C1459283F9B36B34ED881 /* Pods_Flix.framework in Frameworks */ = {isa = PBXBuildFile; fileRef = 133F69C2F23D3423FA2A532F /* Pods_Flix.framework */; };
		B7BDAB24F4E8905CD0BE1E16 /* Pods_FlixTests.framework in Frameworks */ = {isa = PBXBuildFile; fileRef = 2754574672F3240A19AC12EF /* Pods_FlixTests.framework */; };
/* End PBXBuildFile section */

/* Begin PBXContainerItemProxy section */
		51026DE724A3B6D20029F7F7 /* PBXContainerItemProxy */ = {
			isa = PBXContainerItemProxy;
			containerPortal = 51026DC324A3B6D10029F7F7 /* Project object */;
			proxyType = 1;
			remoteGlobalIDString = 51026DCA24A3B6D10029F7F7;
			remoteInfo = Flix;
		};
		51026DF224A3B6D20029F7F7 /* PBXContainerItemProxy */ = {
			isa = PBXContainerItemProxy;
			containerPortal = 51026DC324A3B6D10029F7F7 /* Project object */;
			proxyType = 1;
			remoteGlobalIDString = 51026DCA24A3B6D10029F7F7;
			remoteInfo = Flix;
		};
/* End PBXContainerItemProxy section */

/* Begin PBXFileReference section */
		09FDE03A347E811A49FDFA6B /* Pods-FlixTests.debug.xcconfig */ = {isa = PBXFileReference; includeInIndex = 1; lastKnownFileType = text.xcconfig; name = "Pods-FlixTests.debug.xcconfig"; path = "Target Support Files/Pods-FlixTests/Pods-FlixTests.debug.xcconfig"; sourceTree = "<group>"; };
		1271E71A1CA0E37C5C89B75F /* Pods-Flix-FlixUITests.debug.xcconfig */ = {isa = PBXFileReference; includeInIndex = 1; lastKnownFileType = text.xcconfig; name = "Pods-Flix-FlixUITests.debug.xcconfig"; path = "Target Support Files/Pods-Flix-FlixUITests/Pods-Flix-FlixUITests.debug.xcconfig"; sourceTree = "<group>"; };
		133F69C2F23D3423FA2A532F /* Pods_Flix.framework */ = {isa = PBXFileReference; explicitFileType = wrapper.framework; includeInIndex = 0; path = Pods_Flix.framework; sourceTree = BUILT_PRODUCTS_DIR; };
		2754574672F3240A19AC12EF /* Pods_FlixTests.framework */ = {isa = PBXFileReference; explicitFileType = wrapper.framework; includeInIndex = 0; path = Pods_FlixTests.framework; sourceTree = BUILT_PRODUCTS_DIR; };
		51026DCB24A3B6D10029F7F7 /* Flix.app */ = {isa = PBXFileReference; explicitFileType = wrapper.application; includeInIndex = 0; path = Flix.app; sourceTree = BUILT_PRODUCTS_DIR; };
		51026DCE24A3B6D10029F7F7 /* AppDelegate.h */ = {isa = PBXFileReference; lastKnownFileType = sourcecode.c.h; path = AppDelegate.h; sourceTree = "<group>"; };
		51026DCF24A3B6D10029F7F7 /* AppDelegate.m */ = {isa = PBXFileReference; lastKnownFileType = sourcecode.c.objc; path = AppDelegate.m; sourceTree = "<group>"; };
		51026DD124A3B6D10029F7F7 /* SceneDelegate.h */ = {isa = PBXFileReference; lastKnownFileType = sourcecode.c.h; path = SceneDelegate.h; sourceTree = "<group>"; };
		51026DD224A3B6D10029F7F7 /* SceneDelegate.m */ = {isa = PBXFileReference; lastKnownFileType = sourcecode.c.objc; path = SceneDelegate.m; sourceTree = "<group>"; };
		51026DD824A3B6D10029F7F7 /* Base */ = {isa = PBXFileReference; lastKnownFileType = file.storyboard; name = Base; path = Base.lproj/Main.storyboard; sourceTree = "<group>"; };
		51026DDA24A3B6D20029F7F7 /* Assets.xcassets */ = {isa = PBXFileReference; lastKnownFileType = folder.assetcatalog; path = Assets.xcassets; sourceTree = "<group>"; };
		51026DDD24A3B6D20029F7F7 /* Base */ = {isa = PBXFileReference; lastKnownFileType = file.storyboard; name = Base; path = Base.lproj/LaunchScreen.storyboard; sourceTree = "<group>"; };
		51026DDF24A3B6D20029F7F7 /* Info.plist */ = {isa = PBXFileReference; lastKnownFileType = text.plist.xml; path = Info.plist; sourceTree = "<group>"; };
		51026DE024A3B6D20029F7F7 /* main.m */ = {isa = PBXFileReference; lastKnownFileType = sourcecode.c.objc; path = main.m; sourceTree = "<group>"; };
		51026DE624A3B6D20029F7F7 /* FlixTests.xctest */ = {isa = PBXFileReference; explicitFileType = wrapper.cfbundle; includeInIndex = 0; path = FlixTests.xctest; sourceTree = BUILT_PRODUCTS_DIR; };
		51026DEA24A3B6D20029F7F7 /* FlixTests.m */ = {isa = PBXFileReference; lastKnownFileType = sourcecode.c.objc; path = FlixTests.m; sourceTree = "<group>"; };
		51026DEC24A3B6D20029F7F7 /* Info.plist */ = {isa = PBXFileReference; lastKnownFileType = text.plist.xml; path = Info.plist; sourceTree = "<group>"; };
		51026DF124A3B6D20029F7F7 /* FlixUITests.xctest */ = {isa = PBXFileReference; explicitFileType = wrapper.cfbundle; includeInIndex = 0; path = FlixUITests.xctest; sourceTree = BUILT_PRODUCTS_DIR; };
		51026DF524A3B6D20029F7F7 /* FlixUITests.m */ = {isa = PBXFileReference; lastKnownFileType = sourcecode.c.objc; path = FlixUITests.m; sourceTree = "<group>"; };
		51026DF724A3B6D20029F7F7 /* Info.plist */ = {isa = PBXFileReference; lastKnownFileType = text.plist.xml; path = Info.plist; sourceTree = "<group>"; };
		51026E0324A3C91A0029F7F7 /* MoviesViewController.h */ = {isa = PBXFileReference; lastKnownFileType = sourcecode.c.h; path = MoviesViewController.h; sourceTree = "<group>"; };
		51026E0424A3C91A0029F7F7 /* MoviesViewController.m */ = {isa = PBXFileReference; lastKnownFileType = sourcecode.c.objc; path = MoviesViewController.m; sourceTree = "<group>"; };
		51D2EB1C883E0680AEE7D4C5 /* Pods_Flix_FlixUITests.framework */ = {isa = PBXFileReference; explicitFileType = wrapper.framework; includeInIndex = 0; path = Pods_Flix_FlixUITests.framework; sourceTree = BUILT_PRODUCTS_DIR; };
		51D5884024A3F942003474DD /* MovieCell.h */ = {isa = PBXFileReference; lastKnownFileType = sourcecode.c.h; path = MovieCell.h; sourceTree = "<group>"; };
		51D5884124A3F942003474DD /* MovieCell.m */ = {isa = PBXFileReference; lastKnownFileType = sourcecode.c.objc; path = MovieCell.m; sourceTree = "<group>"; };
		51DBFE2524A40A59007863BE /* DetailsViewController.h */ = {isa = PBXFileReference; lastKnownFileType = sourcecode.c.h; path = DetailsViewController.h; sourceTree = "<group>"; };
		51DBFE2624A40A59007863BE /* DetailsViewController.m */ = {isa = PBXFileReference; lastKnownFileType = sourcecode.c.objc; path = DetailsViewController.m; sourceTree = "<group>"; };
		6C5630FB6238673EEC41ADDA /* Pods-FlixTests.release.xcconfig */ = {isa = PBXFileReference; includeInIndex = 1; lastKnownFileType = text.xcconfig; name = "Pods-FlixTests.release.xcconfig"; path = "Target Support Files/Pods-FlixTests/Pods-FlixTests.release.xcconfig"; sourceTree = "<group>"; };
		9DD7110B18B0AF3FA168B660 /* Pods-Flix-FlixUITests.release.xcconfig */ = {isa = PBXFileReference; includeInIndex = 1; lastKnownFileType = text.xcconfig; name = "Pods-Flix-FlixUITests.release.xcconfig"; path = "Target Support Files/Pods-Flix-FlixUITests/Pods-Flix-FlixUITests.release.xcconfig"; sourceTree = "<group>"; };
		A1091A038C6195F8D4B12627 /* Pods-Flix.debug.xcconfig */ = {isa = PBXFileReference; includeInIndex = 1; lastKnownFileType = text.xcconfig; name = "Pods-Flix.debug.xcconfig"; path = "Target Support Files/Pods-Flix/Pods-Flix.debug.xcconfig"; sourceTree = "<group>"; };
		B720EA90BAD17DBDC7D3A651 /* Pods-Flix.release.xcconfig */ = {isa = PBXFileReference; includeInIndex = 1; lastKnownFileType = text.xcconfig; name = "Pods-Flix.release.xcconfig"; path = "Target Support Files/Pods-Flix/Pods-Flix.release.xcconfig"; sourceTree = "<group>"; };
/* End PBXFileReference section */

/* Begin PBXFrameworksBuildPhase section */
		51026DC824A3B6D10029F7F7 /* Frameworks */ = {
			isa = PBXFrameworksBuildPhase;
			buildActionMask = 2147483647;
			files = (
				8A7C1459283F9B36B34ED881 /* Pods_Flix.framework in Frameworks */,
			);
			runOnlyForDeploymentPostprocessing = 0;
		};
		51026DE324A3B6D20029F7F7 /* Frameworks */ = {
			isa = PBXFrameworksBuildPhase;
			buildActionMask = 2147483647;
			files = (
				B7BDAB24F4E8905CD0BE1E16 /* Pods_FlixTests.framework in Frameworks */,
			);
			runOnlyForDeploymentPostprocessing = 0;
		};
		51026DEE24A3B6D20029F7F7 /* Frameworks */ = {
			isa = PBXFrameworksBuildPhase;
			buildActionMask = 2147483647;
			files = (
				79F306F98ED6A0098C009BDF /* Pods_Flix_FlixUITests.framework in Frameworks */,
			);
			runOnlyForDeploymentPostprocessing = 0;
		};
/* End PBXFrameworksBuildPhase section */

/* Begin PBXGroup section */
		08AF59A610A9D1BC70F50FF2 /* Pods */ = {
			isa = PBXGroup;
			children = (
				A1091A038C6195F8D4B12627 /* Pods-Flix.debug.xcconfig */,
				B720EA90BAD17DBDC7D3A651 /* Pods-Flix.release.xcconfig */,
				1271E71A1CA0E37C5C89B75F /* Pods-Flix-FlixUITests.debug.xcconfig */,
				9DD7110B18B0AF3FA168B660 /* Pods-Flix-FlixUITests.release.xcconfig */,
				09FDE03A347E811A49FDFA6B /* Pods-FlixTests.debug.xcconfig */,
				6C5630FB6238673EEC41ADDA /* Pods-FlixTests.release.xcconfig */,
			);
			path = Pods;
			sourceTree = "<group>";
		};
		51026DC224A3B6D10029F7F7 = {
			isa = PBXGroup;
			children = (
				51026DCD24A3B6D10029F7F7 /* Flix */,
				51026DE924A3B6D20029F7F7 /* FlixTests */,
				51026DF424A3B6D20029F7F7 /* FlixUITests */,
				51026DCC24A3B6D10029F7F7 /* Products */,
				08AF59A610A9D1BC70F50FF2 /* Pods */,
				900488D9E7532CD129681C7F /* Frameworks */,
			);
			sourceTree = "<group>";
		};
		51026DCC24A3B6D10029F7F7 /* Products */ = {
			isa = PBXGroup;
			children = (
				51026DCB24A3B6D10029F7F7 /* Flix.app */,
				51026DE624A3B6D20029F7F7 /* FlixTests.xctest */,
				51026DF124A3B6D20029F7F7 /* FlixUITests.xctest */,
			);
			name = Products;
			sourceTree = "<group>";
		};
		51026DCD24A3B6D10029F7F7 /* Flix */ = {
			isa = PBXGroup;
			children = (
				51026E0824A3C9F20029F7F7 /* Models */,
				51026E0724A3C9ED0029F7F7 /* Views */,
				51026E0624A3C9E30029F7F7 /* View Controllers */,
				51026DCE24A3B6D10029F7F7 /* AppDelegate.h */,
				51026DCF24A3B6D10029F7F7 /* AppDelegate.m */,
				51026DD124A3B6D10029F7F7 /* SceneDelegate.h */,
				51026DD224A3B6D10029F7F7 /* SceneDelegate.m */,
				51026DD724A3B6D10029F7F7 /* Main.storyboard */,
				51026DDA24A3B6D20029F7F7 /* Assets.xcassets */,
				51026DDC24A3B6D20029F7F7 /* LaunchScreen.storyboard */,
				51026DDF24A3B6D20029F7F7 /* Info.plist */,
				51026DE024A3B6D20029F7F7 /* main.m */,
			);
			path = Flix;
			sourceTree = "<group>";
		};
		51026DE924A3B6D20029F7F7 /* FlixTests */ = {
			isa = PBXGroup;
			children = (
				51026DEA24A3B6D20029F7F7 /* FlixTests.m */,
				51026DEC24A3B6D20029F7F7 /* Info.plist */,
			);
			path = FlixTests;
			sourceTree = "<group>";
		};
		51026DF424A3B6D20029F7F7 /* FlixUITests */ = {
			isa = PBXGroup;
			children = (
				51026DF524A3B6D20029F7F7 /* FlixUITests.m */,
				51026DF724A3B6D20029F7F7 /* Info.plist */,
			);
			path = FlixUITests;
			sourceTree = "<group>";
		};
		51026E0624A3C9E30029F7F7 /* View Controllers */ = {
			isa = PBXGroup;
			children = (
				51026E0324A3C91A0029F7F7 /* MoviesViewController.h */,
				51026E0424A3C91A0029F7F7 /* MoviesViewController.m */,
				51DBFE2524A40A59007863BE /* DetailsViewController.h */,
				51DBFE2624A40A59007863BE /* DetailsViewController.m */,
			);
			path = "View Controllers";
			sourceTree = "<group>";
		};
		51026E0724A3C9ED0029F7F7 /* Views */ = {
			isa = PBXGroup;
			children = (
				51D5884024A3F942003474DD /* MovieCell.h */,
				51D5884124A3F942003474DD /* MovieCell.m */,
			);
			path = Views;
			sourceTree = "<group>";
		};
		51026E0824A3C9F20029F7F7 /* Models */ = {
			isa = PBXGroup;
			children = (
			);
			path = Models;
			sourceTree = "<group>";
		};
		900488D9E7532CD129681C7F /* Frameworks */ = {
			isa = PBXGroup;
			children = (
				133F69C2F23D3423FA2A532F /* Pods_Flix.framework */,
				51D2EB1C883E0680AEE7D4C5 /* Pods_Flix_FlixUITests.framework */,
				2754574672F3240A19AC12EF /* Pods_FlixTests.framework */,
			);
			name = Frameworks;
			sourceTree = "<group>";
		};
/* End PBXGroup section */

/* Begin PBXNativeTarget section */
		51026DCA24A3B6D10029F7F7 /* Flix */ = {
			isa = PBXNativeTarget;
			buildConfigurationList = 51026DFA24A3B6D20029F7F7 /* Build configuration list for PBXNativeTarget "Flix" */;
			buildPhases = (
				E9B492BE7A0A5DC371A16432 /* [CP] Check Pods Manifest.lock */,
				51026DC724A3B6D10029F7F7 /* Sources */,
				51026DC824A3B6D10029F7F7 /* Frameworks */,
				51026DC924A3B6D10029F7F7 /* Resources */,
				0E2FD6A24D6077E033D4277C /* [CP] Embed Pods Frameworks */,
			);
			buildRules = (
			);
			dependencies = (
			);
			name = Flix;
			productName = Flix;
			productReference = 51026DCB24A3B6D10029F7F7 /* Flix.app */;
			productType = "com.apple.product-type.application";
		};
		51026DE524A3B6D20029F7F7 /* FlixTests */ = {
			isa = PBXNativeTarget;
			buildConfigurationList = 51026DFD24A3B6D20029F7F7 /* Build configuration list for PBXNativeTarget "FlixTests" */;
			buildPhases = (
				3E21C4FF3EEB91EE2B26BD80 /* [CP] Check Pods Manifest.lock */,
				51026DE224A3B6D20029F7F7 /* Sources */,
				51026DE324A3B6D20029F7F7 /* Frameworks */,
				51026DE424A3B6D20029F7F7 /* Resources */,
			);
			buildRules = (
			);
			dependencies = (
				51026DE824A3B6D20029F7F7 /* PBXTargetDependency */,
			);
			name = FlixTests;
			productName = FlixTests;
			productReference = 51026DE624A3B6D20029F7F7 /* FlixTests.xctest */;
			productType = "com.apple.product-type.bundle.unit-test";
		};
		51026DF024A3B6D20029F7F7 /* FlixUITests */ = {
			isa = PBXNativeTarget;
			buildConfigurationList = 51026E0024A3B6D20029F7F7 /* Build configuration list for PBXNativeTarget "FlixUITests" */;
			buildPhases = (
				4C5F5884F990B6D1CDB5D315 /* [CP] Check Pods Manifest.lock */,
				51026DED24A3B6D20029F7F7 /* Sources */,
				51026DEE24A3B6D20029F7F7 /* Frameworks */,
				51026DEF24A3B6D20029F7F7 /* Resources */,
				A94442A2FFF6172D9D594646 /* [CP] Embed Pods Frameworks */,
			);
			buildRules = (
			);
			dependencies = (
				51026DF324A3B6D20029F7F7 /* PBXTargetDependency */,
			);
			name = FlixUITests;
			productName = FlixUITests;
			productReference = 51026DF124A3B6D20029F7F7 /* FlixUITests.xctest */;
			productType = "com.apple.product-type.bundle.ui-testing";
		};
/* End PBXNativeTarget section */

/* Begin PBXProject section */
		51026DC324A3B6D10029F7F7 /* Project object */ = {
			isa = PBXProject;
			attributes = {
				LastUpgradeCheck = 1150;
				ORGANIZATIONNAME = "Ben Hora";
				TargetAttributes = {
					51026DCA24A3B6D10029F7F7 = {
						CreatedOnToolsVersion = 11.5;
					};
					51026DE524A3B6D20029F7F7 = {
						CreatedOnToolsVersion = 11.5;
						TestTargetID = 51026DCA24A3B6D10029F7F7;
					};
					51026DF024A3B6D20029F7F7 = {
						CreatedOnToolsVersion = 11.5;
						TestTargetID = 51026DCA24A3B6D10029F7F7;
					};
				};
			};
			buildConfigurationList = 51026DC624A3B6D10029F7F7 /* Build configuration list for PBXProject "Flix" */;
			compatibilityVersion = "Xcode 9.3";
			developmentRegion = en;
			hasScannedForEncodings = 0;
			knownRegions = (
				en,
				Base,
			);
			mainGroup = 51026DC224A3B6D10029F7F7;
			productRefGroup = 51026DCC24A3B6D10029F7F7 /* Products */;
			projectDirPath = "";
			projectRoot = "";
			targets = (
				51026DCA24A3B6D10029F7F7 /* Flix */,
				51026DE524A3B6D20029F7F7 /* FlixTests */,
				51026DF024A3B6D20029F7F7 /* FlixUITests */,
			);
		};
/* End PBXProject section */

/* Begin PBXResourcesBuildPhase section */
		51026DC924A3B6D10029F7F7 /* Resources */ = {
			isa = PBXResourcesBuildPhase;
			buildActionMask = 2147483647;
			files = (
				51026DDE24A3B6D20029F7F7 /* LaunchScreen.storyboard in Resources */,
				51026DDB24A3B6D20029F7F7 /* Assets.xcassets in Resources */,
				51026DD924A3B6D10029F7F7 /* Main.storyboard in Resources */,
			);
			runOnlyForDeploymentPostprocessing = 0;
		};
		51026DE424A3B6D20029F7F7 /* Resources */ = {
			isa = PBXResourcesBuildPhase;
			buildActionMask = 2147483647;
			files = (
			);
			runOnlyForDeploymentPostprocessing = 0;
		};
		51026DEF24A3B6D20029F7F7 /* Resources */ = {
			isa = PBXResourcesBuildPhase;
			buildActionMask = 2147483647;
			files = (
			);
			runOnlyForDeploymentPostprocessing = 0;
		};
/* End PBXResourcesBuildPhase section */

/* Begin PBXShellScriptBuildPhase section */
		0E2FD6A24D6077E033D4277C /* [CP] Embed Pods Frameworks */ = {
			isa = PBXShellScriptBuildPhase;
			buildActionMask = 2147483647;
			files = (
			);
			inputFileListPaths = (
				"${PODS_ROOT}/Target Support Files/Pods-Flix/Pods-Flix-frameworks-${CONFIGURATION}-input-files.xcfilelist",
			);
			name = "[CP] Embed Pods Frameworks";
			outputFileListPaths = (
				"${PODS_ROOT}/Target Support Files/Pods-Flix/Pods-Flix-frameworks-${CONFIGURATION}-output-files.xcfilelist",
			);
			runOnlyForDeploymentPostprocessing = 0;
			shellPath = /bin/sh;
			shellScript = "\"${PODS_ROOT}/Target Support Files/Pods-Flix/Pods-Flix-frameworks.sh\"\n";
			showEnvVarsInLog = 0;
		};
		3E21C4FF3EEB91EE2B26BD80 /* [CP] Check Pods Manifest.lock */ = {
			isa = PBXShellScriptBuildPhase;
			buildActionMask = 2147483647;
			files = (
			);
			inputFileListPaths = (
			);
			inputPaths = (
				"${PODS_PODFILE_DIR_PATH}/Podfile.lock",
				"${PODS_ROOT}/Manifest.lock",
			);
			name = "[CP] Check Pods Manifest.lock";
			outputFileListPaths = (
			);
			outputPaths = (
				"$(DERIVED_FILE_DIR)/Pods-FlixTests-checkManifestLockResult.txt",
			);
			runOnlyForDeploymentPostprocessing = 0;
			shellPath = /bin/sh;
			shellScript = "diff \"${PODS_PODFILE_DIR_PATH}/Podfile.lock\" \"${PODS_ROOT}/Manifest.lock\" > /dev/null\nif [ $? != 0 ] ; then\n    # print error to STDERR\n    echo \"error: The sandbox is not in sync with the Podfile.lock. Run 'pod install' or update your CocoaPods installation.\" >&2\n    exit 1\nfi\n# This output is used by Xcode 'outputs' to avoid re-running this script phase.\necho \"SUCCESS\" > \"${SCRIPT_OUTPUT_FILE_0}\"\n";
			showEnvVarsInLog = 0;
		};
		4C5F5884F990B6D1CDB5D315 /* [CP] Check Pods Manifest.lock */ = {
			isa = PBXShellScriptBuildPhase;
			buildActionMask = 2147483647;
			files = (
			);
			inputFileListPaths = (
			);
			inputPaths = (
				"${PODS_PODFILE_DIR_PATH}/Podfile.lock",
				"${PODS_ROOT}/Manifest.lock",
			);
			name = "[CP] Check Pods Manifest.lock";
			outputFileListPaths = (
			);
			outputPaths = (
				"$(DERIVED_FILE_DIR)/Pods-Flix-FlixUITests-checkManifestLockResult.txt",
			);
			runOnlyForDeploymentPostprocessing = 0;
			shellPath = /bin/sh;
			shellScript = "diff \"${PODS_PODFILE_DIR_PATH}/Podfile.lock\" \"${PODS_ROOT}/Manifest.lock\" > /dev/null\nif [ $? != 0 ] ; then\n    # print error to STDERR\n    echo \"error: The sandbox is not in sync with the Podfile.lock. Run 'pod install' or update your CocoaPods installation.\" >&2\n    exit 1\nfi\n# This output is used by Xcode 'outputs' to avoid re-running this script phase.\necho \"SUCCESS\" > \"${SCRIPT_OUTPUT_FILE_0}\"\n";
			showEnvVarsInLog = 0;
		};
		A94442A2FFF6172D9D594646 /* [CP] Embed Pods Frameworks */ = {
			isa = PBXShellScriptBuildPhase;
			buildActionMask = 2147483647;
			files = (
			);
			inputFileListPaths = (
				"${PODS_ROOT}/Target Support Files/Pods-Flix-FlixUITests/Pods-Flix-FlixUITests-frameworks-${CONFIGURATION}-input-files.xcfilelist",
			);
			name = "[CP] Embed Pods Frameworks";
			outputFileListPaths = (
				"${PODS_ROOT}/Target Support Files/Pods-Flix-FlixUITests/Pods-Flix-FlixUITests-frameworks-${CONFIGURATION}-output-files.xcfilelist",
			);
			runOnlyForDeploymentPostprocessing = 0;
			shellPath = /bin/sh;
			shellScript = "\"${PODS_ROOT}/Target Support Files/Pods-Flix-FlixUITests/Pods-Flix-FlixUITests-frameworks.sh\"\n";
			showEnvVarsInLog = 0;
		};
		E9B492BE7A0A5DC371A16432 /* [CP] Check Pods Manifest.lock */ = {
			isa = PBXShellScriptBuildPhase;
			buildActionMask = 2147483647;
			files = (
			);
			inputFileListPaths = (
			);
			inputPaths = (
				"${PODS_PODFILE_DIR_PATH}/Podfile.lock",
				"${PODS_ROOT}/Manifest.lock",
			);
			name = "[CP] Check Pods Manifest.lock";
			outputFileListPaths = (
			);
			outputPaths = (
				"$(DERIVED_FILE_DIR)/Pods-Flix-checkManifestLockResult.txt",
			);
			runOnlyForDeploymentPostprocessing = 0;
			shellPath = /bin/sh;
			shellScript = "diff \"${PODS_PODFILE_DIR_PATH}/Podfile.lock\" \"${PODS_ROOT}/Manifest.lock\" > /dev/null\nif [ $? != 0 ] ; then\n    # print error to STDERR\n    echo \"error: The sandbox is not in sync with the Podfile.lock. Run 'pod install' or update your CocoaPods installation.\" >&2\n    exit 1\nfi\n# This output is used by Xcode 'outputs' to avoid re-running this script phase.\necho \"SUCCESS\" > \"${SCRIPT_OUTPUT_FILE_0}\"\n";
			showEnvVarsInLog = 0;
		};
/* End PBXShellScriptBuildPhase section */

/* Begin PBXSourcesBuildPhase section */
		51026DC724A3B6D10029F7F7 /* Sources */ = {
			isa = PBXSourcesBuildPhase;
			buildActionMask = 2147483647;
			files = (
				51026DD024A3B6D10029F7F7 /* AppDelegate.m in Sources */,
				51D5884224A3F942003474DD /* MovieCell.m in Sources */,
				51026E0524A3C91A0029F7F7 /* MoviesViewController.m in Sources */,
				51DBFE2724A40A59007863BE /* DetailsViewController.m in Sources */,
				51026DE124A3B6D20029F7F7 /* main.m in Sources */,
				51026DD324A3B6D10029F7F7 /* SceneDelegate.m in Sources */,
			);
			runOnlyForDeploymentPostprocessing = 0;
		};
		51026DE224A3B6D20029F7F7 /* Sources */ = {
			isa = PBXSourcesBuildPhase;
			buildActionMask = 2147483647;
			files = (
				51026DEB24A3B6D20029F7F7 /* FlixTests.m in Sources */,
			);
			runOnlyForDeploymentPostprocessing = 0;
		};
		51026DED24A3B6D20029F7F7 /* Sources */ = {
			isa = PBXSourcesBuildPhase;
			buildActionMask = 2147483647;
			files = (
				51026DF624A3B6D20029F7F7 /* FlixUITests.m in Sources */,
			);
			runOnlyForDeploymentPostprocessing = 0;
		};
/* End PBXSourcesBuildPhase section */

/* Begin PBXTargetDependency section */
		51026DE824A3B6D20029F7F7 /* PBXTargetDependency */ = {
			isa = PBXTargetDependency;
			target = 51026DCA24A3B6D10029F7F7 /* Flix */;
			targetProxy = 51026DE724A3B6D20029F7F7 /* PBXContainerItemProxy */;
		};
		51026DF324A3B6D20029F7F7 /* PBXTargetDependency */ = {
			isa = PBXTargetDependency;
			target = 51026DCA24A3B6D10029F7F7 /* Flix */;
			targetProxy = 51026DF224A3B6D20029F7F7 /* PBXContainerItemProxy */;
		};
/* End PBXTargetDependency section */

/* Begin PBXVariantGroup section */
		51026DD724A3B6D10029F7F7 /* Main.storyboard */ = {
			isa = PBXVariantGroup;
			children = (
				51026DD824A3B6D10029F7F7 /* Base */,
			);
			name = Main.storyboard;
			sourceTree = "<group>";
		};
		51026DDC24A3B6D20029F7F7 /* LaunchScreen.storyboard */ = {
			isa = PBXVariantGroup;
			children = (
				51026DDD24A3B6D20029F7F7 /* Base */,
			);
			name = LaunchScreen.storyboard;
			sourceTree = "<group>";
		};
/* End PBXVariantGroup section */

/* Begin XCBuildConfiguration section */
		51026DF824A3B6D20029F7F7 /* Debug */ = {
			isa = XCBuildConfiguration;
			buildSettings = {
				ALWAYS_SEARCH_USER_PATHS = NO;
				CLANG_ANALYZER_NONNULL = YES;
				CLANG_ANALYZER_NUMBER_OBJECT_CONVERSION = YES_AGGRESSIVE;
				CLANG_CXX_LANGUAGE_STANDARD = "gnu++14";
				CLANG_CXX_LIBRARY = "libc++";
				CLANG_ENABLE_MODULES = YES;
				CLANG_ENABLE_OBJC_ARC = YES;
				CLANG_ENABLE_OBJC_WEAK = YES;
				CLANG_WARN_BLOCK_CAPTURE_AUTORELEASING = YES;
				CLANG_WARN_BOOL_CONVERSION = YES;
				CLANG_WARN_COMMA = YES;
				CLANG_WARN_CONSTANT_CONVERSION = YES;
				CLANG_WARN_DEPRECATED_OBJC_IMPLEMENTATIONS = YES;
				CLANG_WARN_DIRECT_OBJC_ISA_USAGE = YES_ERROR;
				CLANG_WARN_DOCUMENTATION_COMMENTS = YES;
				CLANG_WARN_EMPTY_BODY = YES;
				CLANG_WARN_ENUM_CONVERSION = YES;
				CLANG_WARN_INFINITE_RECURSION = YES;
				CLANG_WARN_INT_CONVERSION = YES;
				CLANG_WARN_NON_LITERAL_NULL_CONVERSION = YES;
				CLANG_WARN_OBJC_IMPLICIT_RETAIN_SELF = YES;
				CLANG_WARN_OBJC_LITERAL_CONVERSION = YES;
				CLANG_WARN_OBJC_ROOT_CLASS = YES_ERROR;
				CLANG_WARN_RANGE_LOOP_ANALYSIS = YES;
				CLANG_WARN_STRICT_PROTOTYPES = YES;
				CLANG_WARN_SUSPICIOUS_MOVE = YES;
				CLANG_WARN_UNGUARDED_AVAILABILITY = YES_AGGRESSIVE;
				CLANG_WARN_UNREACHABLE_CODE = YES;
				CLANG_WARN__DUPLICATE_METHOD_MATCH = YES;
				COPY_PHASE_STRIP = NO;
				DEBUG_INFORMATION_FORMAT = dwarf;
				ENABLE_STRICT_OBJC_MSGSEND = YES;
				ENABLE_TESTABILITY = YES;
				GCC_C_LANGUAGE_STANDARD = gnu11;
				GCC_DYNAMIC_NO_PIC = NO;
				GCC_NO_COMMON_BLOCKS = YES;
				GCC_OPTIMIZATION_LEVEL = 0;
				GCC_PREPROCESSOR_DEFINITIONS = (
					"DEBUG=1",
					"$(inherited)",
				);
				GCC_WARN_64_TO_32_BIT_CONVERSION = YES;
				GCC_WARN_ABOUT_RETURN_TYPE = YES_ERROR;
				GCC_WARN_UNDECLARED_SELECTOR = YES;
				GCC_WARN_UNINITIALIZED_AUTOS = YES_AGGRESSIVE;
				GCC_WARN_UNUSED_FUNCTION = YES;
				GCC_WARN_UNUSED_VARIABLE = YES;
				IPHONEOS_DEPLOYMENT_TARGET = 13.5;
				MTL_ENABLE_DEBUG_INFO = INCLUDE_SOURCE;
				MTL_FAST_MATH = YES;
				ONLY_ACTIVE_ARCH = YES;
				SDKROOT = iphoneos;
			};
			name = Debug;
		};
		51026DF924A3B6D20029F7F7 /* Release */ = {
			isa = XCBuildConfiguration;
			buildSettings = {
				ALWAYS_SEARCH_USER_PATHS = NO;
				CLANG_ANALYZER_NONNULL = YES;
				CLANG_ANALYZER_NUMBER_OBJECT_CONVERSION = YES_AGGRESSIVE;
				CLANG_CXX_LANGUAGE_STANDARD = "gnu++14";
				CLANG_CXX_LIBRARY = "libc++";
				CLANG_ENABLE_MODULES = YES;
				CLANG_ENABLE_OBJC_ARC = YES;
				CLANG_ENABLE_OBJC_WEAK = YES;
				CLANG_WARN_BLOCK_CAPTURE_AUTORELEASING = YES;
				CLANG_WARN_BOOL_CONVERSION = YES;
				CLANG_WARN_COMMA = YES;
				CLANG_WARN_CONSTANT_CONVERSION = YES;
				CLANG_WARN_DEPRECATED_OBJC_IMPLEMENTATIONS = YES;
				CLANG_WARN_DIRECT_OBJC_ISA_USAGE = YES_ERROR;
				CLANG_WARN_DOCUMENTATION_COMMENTS = YES;
				CLANG_WARN_EMPTY_BODY = YES;
				CLANG_WARN_ENUM_CONVERSION = YES;
				CLANG_WARN_INFINITE_RECURSION = YES;
				CLANG_WARN_INT_CONVERSION = YES;
				CLANG_WARN_NON_LITERAL_NULL_CONVERSION = YES;
				CLANG_WARN_OBJC_IMPLICIT_RETAIN_SELF = YES;
				CLANG_WARN_OBJC_LITERAL_CONVERSION = YES;
				CLANG_WARN_OBJC_ROOT_CLASS = YES_ERROR;
				CLANG_WARN_RANGE_LOOP_ANALYSIS = YES;
				CLANG_WARN_STRICT_PROTOTYPES = YES;
				CLANG_WARN_SUSPICIOUS_MOVE = YES;
				CLANG_WARN_UNGUARDED_AVAILABILITY = YES_AGGRESSIVE;
				CLANG_WARN_UNREACHABLE_CODE = YES;
				CLANG_WARN__DUPLICATE_METHOD_MATCH = YES;
				COPY_PHASE_STRIP = NO;
				DEBUG_INFORMATION_FORMAT = "dwarf-with-dsym";
				ENABLE_NS_ASSERTIONS = NO;
				ENABLE_STRICT_OBJC_MSGSEND = YES;
				GCC_C_LANGUAGE_STANDARD = gnu11;
				GCC_NO_COMMON_BLOCKS = YES;
				GCC_WARN_64_TO_32_BIT_CONVERSION = YES;
				GCC_WARN_ABOUT_RETURN_TYPE = YES_ERROR;
				GCC_WARN_UNDECLARED_SELECTOR = YES;
				GCC_WARN_UNINITIALIZED_AUTOS = YES_AGGRESSIVE;
				GCC_WARN_UNUSED_FUNCTION = YES;
				GCC_WARN_UNUSED_VARIABLE = YES;
				IPHONEOS_DEPLOYMENT_TARGET = 13.5;
				MTL_ENABLE_DEBUG_INFO = NO;
				MTL_FAST_MATH = YES;
				SDKROOT = iphoneos;
				VALIDATE_PRODUCT = YES;
			};
			name = Release;
		};
		51026DFB24A3B6D20029F7F7 /* Debug */ = {
			isa = XCBuildConfiguration;
			baseConfigurationReference = A1091A038C6195F8D4B12627 /* Pods-Flix.debug.xcconfig */;
			buildSettings = {
				ASSETCATALOG_COMPILER_APPICON_NAME = AppIcon;
				CODE_SIGN_STYLE = Automatic;
				INFOPLIST_FILE = Flix/Info.plist;
				LD_RUNPATH_SEARCH_PATHS = (
					"$(inherited)",
					"@executable_path/Frameworks",
				);
				PRODUCT_BUNDLE_IDENTIFIER = come.benhora.Flix;
				PRODUCT_NAME = "$(TARGET_NAME)";
				TARGETED_DEVICE_FAMILY = "1,2";
			};
			name = Debug;
		};
		51026DFC24A3B6D20029F7F7 /* Release */ = {
			isa = XCBuildConfiguration;
			baseConfigurationReference = B720EA90BAD17DBDC7D3A651 /* Pods-Flix.release.xcconfig */;
			buildSettings = {
				ASSETCATALOG_COMPILER_APPICON_NAME = AppIcon;
				CODE_SIGN_STYLE = Automatic;
				INFOPLIST_FILE = Flix/Info.plist;
				LD_RUNPATH_SEARCH_PATHS = (
					"$(inherited)",
					"@executable_path/Frameworks",
				);
				PRODUCT_BUNDLE_IDENTIFIER = come.benhora.Flix;
				PRODUCT_NAME = "$(TARGET_NAME)";
				TARGETED_DEVICE_FAMILY = "1,2";
			};
			name = Release;
		};
		51026DFE24A3B6D20029F7F7 /* Debug */ = {
			isa = XCBuildConfiguration;
			baseConfigurationReference = 09FDE03A347E811A49FDFA6B /* Pods-FlixTests.debug.xcconfig */;
			buildSettings = {
				BUNDLE_LOADER = "$(TEST_HOST)";
				CODE_SIGN_STYLE = Automatic;
				INFOPLIST_FILE = FlixTests/Info.plist;
				IPHONEOS_DEPLOYMENT_TARGET = 13.5;
				LD_RUNPATH_SEARCH_PATHS = (
					"$(inherited)",
					"@executable_path/Frameworks",
					"@loader_path/Frameworks",
				);
				PRODUCT_BUNDLE_IDENTIFIER = come.benhora.FlixTests;
				PRODUCT_NAME = "$(TARGET_NAME)";
				TARGETED_DEVICE_FAMILY = "1,2";
				TEST_HOST = "$(BUILT_PRODUCTS_DIR)/Flix.app/Flix";
			};
			name = Debug;
		};
		51026DFF24A3B6D20029F7F7 /* Release */ = {
			isa = XCBuildConfiguration;
			baseConfigurationReference = 6C5630FB6238673EEC41ADDA /* Pods-FlixTests.release.xcconfig */;
			buildSettings = {
				BUNDLE_LOADER = "$(TEST_HOST)";
				CODE_SIGN_STYLE = Automatic;
				INFOPLIST_FILE = FlixTests/Info.plist;
				IPHONEOS_DEPLOYMENT_TARGET = 13.5;
				LD_RUNPATH_SEARCH_PATHS = (
					"$(inherited)",
					"@executable_path/Frameworks",
					"@loader_path/Frameworks",
				);
				PRODUCT_BUNDLE_IDENTIFIER = come.benhora.FlixTests;
				PRODUCT_NAME = "$(TARGET_NAME)";
				TARGETED_DEVICE_FAMILY = "1,2";
				TEST_HOST = "$(BUILT_PRODUCTS_DIR)/Flix.app/Flix";
			};
			name = Release;
		};
		51026E0124A3B6D20029F7F7 /* Debug */ = {
			isa = XCBuildConfiguration;
			baseConfigurationReference = 1271E71A1CA0E37C5C89B75F /* Pods-Flix-FlixUITests.debug.xcconfig */;
			buildSettings = {
				CODE_SIGN_STYLE = Automatic;
				INFOPLIST_FILE = FlixUITests/Info.plist;
				LD_RUNPATH_SEARCH_PATHS = (
					"$(inherited)",
					"@executable_path/Frameworks",
					"@loader_path/Frameworks",
				);
				PRODUCT_BUNDLE_IDENTIFIER = come.benhora.FlixUITests;
				PRODUCT_NAME = "$(TARGET_NAME)";
				TARGETED_DEVICE_FAMILY = "1,2";
				TEST_TARGET_NAME = Flix;
			};
			name = Debug;
		};
		51026E0224A3B6D20029F7F7 /* Release */ = {
			isa = XCBuildConfiguration;
			baseConfigurationReference = 9DD7110B18B0AF3FA168B660 /* Pods-Flix-FlixUITests.release.xcconfig */;
			buildSettings = {
				CODE_SIGN_STYLE = Automatic;
				INFOPLIST_FILE = FlixUITests/Info.plist;
				LD_RUNPATH_SEARCH_PATHS = (
					"$(inherited)",
					"@executable_path/Frameworks",
					"@loader_path/Frameworks",
				);
				PRODUCT_BUNDLE_IDENTIFIER = come.benhora.FlixUITests;
				PRODUCT_NAME = "$(TARGET_NAME)";
				TARGETED_DEVICE_FAMILY = "1,2";
				TEST_TARGET_NAME = Flix;
			};
			name = Release;
		};
/* End XCBuildConfiguration section */

/* Begin XCConfigurationList section */
		51026DC624A3B6D10029F7F7 /* Build configuration list for PBXProject "Flix" */ = {
			isa = XCConfigurationList;
			buildConfigurations = (
				51026DF824A3B6D20029F7F7 /* Debug */,
				51026DF924A3B6D20029F7F7 /* Release */,
			);
			defaultConfigurationIsVisible = 0;
			defaultConfigurationName = Release;
		};
		51026DFA24A3B6D20029F7F7 /* Build configuration list for PBXNativeTarget "Flix" */ = {
			isa = XCConfigurationList;
			buildConfigurations = (
				51026DFB24A3B6D20029F7F7 /* Debug */,
				51026DFC24A3B6D20029F7F7 /* Release */,
			);
			defaultConfigurationIsVisible = 0;
			defaultConfigurationName = Release;
		};
		51026DFD24A3B6D20029F7F7 /* Build configuration list for PBXNativeTarget "FlixTests" */ = {
			isa = XCConfigurationList;
			buildConfigurations = (
				51026DFE24A3B6D20029F7F7 /* Debug */,
				51026DFF24A3B6D20029F7F7 /* Release */,
			);
			defaultConfigurationIsVisible = 0;
			defaultConfigurationName = Release;
		};
		51026E0024A3B6D20029F7F7 /* Build configuration list for PBXNativeTarget "FlixUITests" */ = {
			isa = XCConfigurationList;
			buildConfigurations = (
				51026E0124A3B6D20029F7F7 /* Debug */,
				51026E0224A3B6D20029F7F7 /* Release */,
			);
			defaultConfigurationIsVisible = 0;
			defaultConfigurationName = Release;
		};
/* End XCConfigurationList section */
	};
	rootObject = 51026DC324A3B6D10029F7F7 /* Project object */;
}
